// !$*UTF8*$!
{
	archiveVersion = 1;
	classes = {
	};
	objectVersion = 50;
	objects = {

/* Begin PBXBuildFile section */
		4B69527E23CDF0EB00EAB819 /* SmartAC WatchKit App.app in Embed Watch Content */ = {isa = PBXBuildFile; fileRef = 4B69527D23CDF0EB00EAB819 /* SmartAC WatchKit App.app */; settings = {ATTRIBUTES = (RemoveHeadersOnCopy, ); }; };
		4B69528423CDF0EB00EAB819 /* Interface.storyboard in Resources */ = {isa = PBXBuildFile; fileRef = 4B69528223CDF0EB00EAB819 /* Interface.storyboard */; };
		4B69528623CDF0ED00EAB819 /* Assets.xcassets in Resources */ = {isa = PBXBuildFile; fileRef = 4B69528523CDF0ED00EAB819 /* Assets.xcassets */; };
		4B69528D23CDF0ED00EAB819 /* SmartAC WatchKit Extension.appex in Embed App Extensions */ = {isa = PBXBuildFile; fileRef = 4B69528C23CDF0ED00EAB819 /* SmartAC WatchKit Extension.appex */; settings = {ATTRIBUTES = (RemoveHeadersOnCopy, ); }; };
		4B69529223CDF0EE00EAB819 /* ACRemoteInterfaceController.swift in Sources */ = {isa = PBXBuildFile; fileRef = 4B69529123CDF0EE00EAB819 /* ACRemoteInterfaceController.swift */; };
		4B69529423CDF0EE00EAB819 /* ExtensionDelegate.swift in Sources */ = {isa = PBXBuildFile; fileRef = 4B69529323CDF0EE00EAB819 /* ExtensionDelegate.swift */; };
		4B69529623CDF0EE00EAB819 /* NotificationController.swift in Sources */ = {isa = PBXBuildFile; fileRef = 4B69529523CDF0EE00EAB819 /* NotificationController.swift */; };
		4B69529823CDF0EF00EAB819 /* Assets.xcassets in Resources */ = {isa = PBXBuildFile; fileRef = 4B69529723CDF0EF00EAB819 /* Assets.xcassets */; };
		4B6952A923CE011F00EAB819 /* SmartAC.swift in Sources */ = {isa = PBXBuildFile; fileRef = 4B6952A823CE011F00EAB819 /* SmartAC.swift */; };
		4B6952AB23CE0F2100EAB819 /* NetworkManager.swift in Sources */ = {isa = PBXBuildFile; fileRef = 4B6952AA23CE0F2100EAB819 /* NetworkManager.swift */; };
		4B6952AF23CE125A00EAB819 /* ChooseModeInterfaceController.swift in Sources */ = {isa = PBXBuildFile; fileRef = 4B6952AE23CE125A00EAB819 /* ChooseModeInterfaceController.swift */; };
		4BD76DE623CF43180056E881 /* SensiboAPI.swift in Sources */ = {isa = PBXBuildFile; fileRef = 4BD76DE523CF43180056E881 /* SensiboAPI.swift */; };
		4BD76E1E23D6F3190056E881 /* DevicesInterfaceController.swift in Sources */ = {isa = PBXBuildFile; fileRef = 4BD76E1D23D6F3190056E881 /* DevicesInterfaceController.swift */; };
/* End PBXBuildFile section */

/* Begin PBXContainerItemProxy section */
		4B69527F23CDF0EB00EAB819 /* PBXContainerItemProxy */ = {
			isa = PBXContainerItemProxy;
			containerPortal = 4B69527323CDF0EA00EAB819 /* Project object */;
			proxyType = 1;
			remoteGlobalIDString = 4B69527C23CDF0EB00EAB819;
			remoteInfo = "SmartAC WatchKit App";
		};
		4B69528E23CDF0ED00EAB819 /* PBXContainerItemProxy */ = {
			isa = PBXContainerItemProxy;
			containerPortal = 4B69527323CDF0EA00EAB819 /* Project object */;
			proxyType = 1;
			remoteGlobalIDString = 4B69528B23CDF0ED00EAB819;
			remoteInfo = "SmartAC WatchKit Extension";
		};
/* End PBXContainerItemProxy section */

/* Begin PBXCopyFilesBuildPhase section */
		4B6952A023CDF0EF00EAB819 /* Embed App Extensions */ = {
			isa = PBXCopyFilesBuildPhase;
			buildActionMask = 2147483647;
			dstPath = "";
			dstSubfolderSpec = 13;
			files = (
				4B69528D23CDF0ED00EAB819 /* SmartAC WatchKit Extension.appex in Embed App Extensions */,
			);
			name = "Embed App Extensions";
			runOnlyForDeploymentPostprocessing = 0;
		};
		4B6952A423CDF0EF00EAB819 /* Embed Watch Content */ = {
			isa = PBXCopyFilesBuildPhase;
			buildActionMask = 2147483647;
			dstPath = "$(CONTENTS_FOLDER_PATH)/Watch";
			dstSubfolderSpec = 16;
			files = (
				4B69527E23CDF0EB00EAB819 /* SmartAC WatchKit App.app in Embed Watch Content */,
			);
			name = "Embed Watch Content";
			runOnlyForDeploymentPostprocessing = 0;
		};
/* End PBXCopyFilesBuildPhase section */

/* Begin PBXFileReference section */
		4B69527923CDF0EA00EAB819 /* SmartAC.app */ = {isa = PBXFileReference; explicitFileType = wrapper.application; includeInIndex = 0; path = SmartAC.app; sourceTree = BUILT_PRODUCTS_DIR; };
		4B69527D23CDF0EB00EAB819 /* SmartAC WatchKit App.app */ = {isa = PBXFileReference; explicitFileType = wrapper.application; includeInIndex = 0; path = "SmartAC WatchKit App.app"; sourceTree = BUILT_PRODUCTS_DIR; };
		4B69528323CDF0EB00EAB819 /* Base */ = {isa = PBXFileReference; lastKnownFileType = file.storyboard; name = Base; path = Base.lproj/Interface.storyboard; sourceTree = "<group>"; };
		4B69528523CDF0ED00EAB819 /* Assets.xcassets */ = {isa = PBXFileReference; lastKnownFileType = folder.assetcatalog; path = Assets.xcassets; sourceTree = "<group>"; };
		4B69528723CDF0ED00EAB819 /* Info.plist */ = {isa = PBXFileReference; lastKnownFileType = text.plist.xml; path = Info.plist; sourceTree = "<group>"; };
		4B69528C23CDF0ED00EAB819 /* SmartAC WatchKit Extension.appex */ = {isa = PBXFileReference; explicitFileType = "wrapper.app-extension"; includeInIndex = 0; path = "SmartAC WatchKit Extension.appex"; sourceTree = BUILT_PRODUCTS_DIR; };
		4B69529123CDF0EE00EAB819 /* ACRemoteInterfaceController.swift */ = {isa = PBXFileReference; lastKnownFileType = sourcecode.swift; path = ACRemoteInterfaceController.swift; sourceTree = "<group>"; };
		4B69529323CDF0EE00EAB819 /* ExtensionDelegate.swift */ = {isa = PBXFileReference; lastKnownFileType = sourcecode.swift; path = ExtensionDelegate.swift; sourceTree = "<group>"; };
		4B69529523CDF0EE00EAB819 /* NotificationController.swift */ = {isa = PBXFileReference; lastKnownFileType = sourcecode.swift; path = NotificationController.swift; sourceTree = "<group>"; };
		4B69529723CDF0EF00EAB819 /* Assets.xcassets */ = {isa = PBXFileReference; lastKnownFileType = folder.assetcatalog; path = Assets.xcassets; sourceTree = "<group>"; };
		4B69529923CDF0EF00EAB819 /* Info.plist */ = {isa = PBXFileReference; lastKnownFileType = text.plist.xml; path = Info.plist; sourceTree = "<group>"; };
		4B69529A23CDF0EF00EAB819 /* PushNotificationPayload.apns */ = {isa = PBXFileReference; lastKnownFileType = text; path = PushNotificationPayload.apns; sourceTree = "<group>"; };
		4B6952A823CE011F00EAB819 /* SmartAC.swift */ = {isa = PBXFileReference; lastKnownFileType = sourcecode.swift; path = SmartAC.swift; sourceTree = "<group>"; };
		4B6952AA23CE0F2100EAB819 /* NetworkManager.swift */ = {isa = PBXFileReference; fileEncoding = 4; lastKnownFileType = sourcecode.swift; path = NetworkManager.swift; sourceTree = "<group>"; };
		4B6952AE23CE125A00EAB819 /* ChooseModeInterfaceController.swift */ = {isa = PBXFileReference; lastKnownFileType = sourcecode.swift; path = ChooseModeInterfaceController.swift; sourceTree = "<group>"; };
		4BD76DE523CF43180056E881 /* SensiboAPI.swift */ = {isa = PBXFileReference; lastKnownFileType = sourcecode.swift; path = SensiboAPI.swift; sourceTree = "<group>"; };
		4BD76E1D23D6F3190056E881 /* DevicesInterfaceController.swift */ = {isa = PBXFileReference; lastKnownFileType = sourcecode.swift; path = DevicesInterfaceController.swift; sourceTree = "<group>"; };
/* End PBXFileReference section */

/* Begin PBXFrameworksBuildPhase section */
		4B69528923CDF0ED00EAB819 /* Frameworks */ = {
			isa = PBXFrameworksBuildPhase;
			buildActionMask = 2147483647;
			files = (
			);
			runOnlyForDeploymentPostprocessing = 0;
		};
/* End PBXFrameworksBuildPhase section */

/* Begin PBXGroup section */
		4B69527223CDF0EA00EAB819 = {
			isa = PBXGroup;
			children = (
				4B69528123CDF0EB00EAB819 /* SmartAC WatchKit App */,
				4B69529023CDF0ED00EAB819 /* SmartAC WatchKit Extension */,
				4B69527A23CDF0EA00EAB819 /* Products */,
			);
			sourceTree = "<group>";
		};
		4B69527A23CDF0EA00EAB819 /* Products */ = {
			isa = PBXGroup;
			children = (
				4B69527923CDF0EA00EAB819 /* SmartAC.app */,
				4B69527D23CDF0EB00EAB819 /* SmartAC WatchKit App.app */,
				4B69528C23CDF0ED00EAB819 /* SmartAC WatchKit Extension.appex */,
			);
			name = Products;
			sourceTree = "<group>";
		};
		4B69528123CDF0EB00EAB819 /* SmartAC WatchKit App */ = {
			isa = PBXGroup;
			children = (
				4B69528223CDF0EB00EAB819 /* Interface.storyboard */,
				4B69528523CDF0ED00EAB819 /* Assets.xcassets */,
				4B69528723CDF0ED00EAB819 /* Info.plist */,
			);
			path = "SmartAC WatchKit App";
			sourceTree = "<group>";
		};
		4B69529023CDF0ED00EAB819 /* SmartAC WatchKit Extension */ = {
			isa = PBXGroup;
			children = (
				4BD76E1D23D6F3190056E881 /* DevicesInterfaceController.swift */,
				4B69529123CDF0EE00EAB819 /* ACRemoteInterfaceController.swift */,
				4B6952AE23CE125A00EAB819 /* ChooseModeInterfaceController.swift */,
				4B69529323CDF0EE00EAB819 /* ExtensionDelegate.swift */,
				4B69529523CDF0EE00EAB819 /* NotificationController.swift */,
				4B69529723CDF0EF00EAB819 /* Assets.xcassets */,
				4B69529923CDF0EF00EAB819 /* Info.plist */,
				4B69529A23CDF0EF00EAB819 /* PushNotificationPayload.apns */,
				4B6952A823CE011F00EAB819 /* SmartAC.swift */,
				4B6952AA23CE0F2100EAB819 /* NetworkManager.swift */,
				4BD76DE523CF43180056E881 /* SensiboAPI.swift */,
			);
			path = "SmartAC WatchKit Extension";
			sourceTree = "<group>";
		};
/* End PBXGroup section */

/* Begin PBXNativeTarget section */
		4B69527823CDF0EA00EAB819 /* SmartAC */ = {
			isa = PBXNativeTarget;
			buildConfigurationList = 4B6952A523CDF0EF00EAB819 /* Build configuration list for PBXNativeTarget "SmartAC" */;
			buildPhases = (
				4B69527723CDF0EA00EAB819 /* Resources */,
				4B6952A423CDF0EF00EAB819 /* Embed Watch Content */,
			);
			buildRules = (
			);
			dependencies = (
				4B69528023CDF0EB00EAB819 /* PBXTargetDependency */,
			);
			name = SmartAC;
			productName = SmartAC;
			productReference = 4B69527923CDF0EA00EAB819 /* SmartAC.app */;
			productType = "com.apple.product-type.application.watchapp2-container";
		};
		4B69527C23CDF0EB00EAB819 /* SmartAC WatchKit App */ = {
			isa = PBXNativeTarget;
			buildConfigurationList = 4B6952A123CDF0EF00EAB819 /* Build configuration list for PBXNativeTarget "SmartAC WatchKit App" */;
			buildPhases = (
				4B69527B23CDF0EB00EAB819 /* Resources */,
				4B6952A023CDF0EF00EAB819 /* Embed App Extensions */,
			);
			buildRules = (
			);
			dependencies = (
				4B69528F23CDF0ED00EAB819 /* PBXTargetDependency */,
			);
			name = "SmartAC WatchKit App";
			productName = "SmartAC WatchKit App";
			productReference = 4B69527D23CDF0EB00EAB819 /* SmartAC WatchKit App.app */;
			productType = "com.apple.product-type.application.watchapp2";
		};
		4B69528B23CDF0ED00EAB819 /* SmartAC WatchKit Extension */ = {
			isa = PBXNativeTarget;
			buildConfigurationList = 4B69529D23CDF0EF00EAB819 /* Build configuration list for PBXNativeTarget "SmartAC WatchKit Extension" */;
			buildPhases = (
				4B69528823CDF0ED00EAB819 /* Sources */,
				4B69528923CDF0ED00EAB819 /* Frameworks */,
				4B69528A23CDF0ED00EAB819 /* Resources */,
			);
			buildRules = (
			);
			dependencies = (
			);
			name = "SmartAC WatchKit Extension";
			productName = "SmartAC WatchKit Extension";
			productReference = 4B69528C23CDF0ED00EAB819 /* SmartAC WatchKit Extension.appex */;
			productType = "com.apple.product-type.watchkit2-extension";
		};
/* End PBXNativeTarget section */

/* Begin PBXProject section */
		4B69527323CDF0EA00EAB819 /* Project object */ = {
			isa = PBXProject;
			attributes = {
				LastSwiftUpdateCheck = 1130;
				LastUpgradeCheck = 1130;
				ORGANIZATIONNAME = "Eliran Sharabi";
				TargetAttributes = {
					4B69527823CDF0EA00EAB819 = {
						CreatedOnToolsVersion = 11.3.1;
					};
					4B69527C23CDF0EB00EAB819 = {
						CreatedOnToolsVersion = 11.3.1;
					};
					4B69528B23CDF0ED00EAB819 = {
						CreatedOnToolsVersion = 11.3.1;
					};
				};
			};
			buildConfigurationList = 4B69527623CDF0EA00EAB819 /* Build configuration list for PBXProject "SmartAC" */;
			compatibilityVersion = "Xcode 9.3";
			developmentRegion = en;
			hasScannedForEncodings = 0;
			knownRegions = (
				en,
				Base,
			);
			mainGroup = 4B69527223CDF0EA00EAB819;
			productRefGroup = 4B69527A23CDF0EA00EAB819 /* Products */;
			projectDirPath = "";
			projectRoot = "";
			targets = (
				4B69527823CDF0EA00EAB819 /* SmartAC */,
				4B69527C23CDF0EB00EAB819 /* SmartAC WatchKit App */,
				4B69528B23CDF0ED00EAB819 /* SmartAC WatchKit Extension */,
			);
		};
/* End PBXProject section */

/* Begin PBXResourcesBuildPhase section */
		4B69527723CDF0EA00EAB819 /* Resources */ = {
			isa = PBXResourcesBuildPhase;
			buildActionMask = 2147483647;
			files = (
			);
			runOnlyForDeploymentPostprocessing = 0;
		};
		4B69527B23CDF0EB00EAB819 /* Resources */ = {
			isa = PBXResourcesBuildPhase;
			buildActionMask = 2147483647;
			files = (
				4B69528623CDF0ED00EAB819 /* Assets.xcassets in Resources */,
				4B69528423CDF0EB00EAB819 /* Interface.storyboard in Resources */,
			);
			runOnlyForDeploymentPostprocessing = 0;
		};
		4B69528A23CDF0ED00EAB819 /* Resources */ = {
			isa = PBXResourcesBuildPhase;
			buildActionMask = 2147483647;
			files = (
				4B69529823CDF0EF00EAB819 /* Assets.xcassets in Resources */,
			);
			runOnlyForDeploymentPostprocessing = 0;
		};
/* End PBXResourcesBuildPhase section */

/* Begin PBXSourcesBuildPhase section */
		4B69528823CDF0ED00EAB819 /* Sources */ = {
			isa = PBXSourcesBuildPhase;
			buildActionMask = 2147483647;
			files = (
				4BD76DE623CF43180056E881 /* SensiboAPI.swift in Sources */,
				4B69529623CDF0EE00EAB819 /* NotificationController.swift in Sources */,
				4BD76E1E23D6F3190056E881 /* DevicesInterfaceController.swift in Sources */,
				4B69529423CDF0EE00EAB819 /* ExtensionDelegate.swift in Sources */,
				4B6952AF23CE125A00EAB819 /* ChooseModeInterfaceController.swift in Sources */,
				4B6952AB23CE0F2100EAB819 /* NetworkManager.swift in Sources */,
				4B69529223CDF0EE00EAB819 /* ACRemoteInterfaceController.swift in Sources */,
				4B6952A923CE011F00EAB819 /* SmartAC.swift in Sources */,
			);
			runOnlyForDeploymentPostprocessing = 0;
		};
/* End PBXSourcesBuildPhase section */

/* Begin PBXTargetDependency section */
		4B69528023CDF0EB00EAB819 /* PBXTargetDependency */ = {
			isa = PBXTargetDependency;
			target = 4B69527C23CDF0EB00EAB819 /* SmartAC WatchKit App */;
			targetProxy = 4B69527F23CDF0EB00EAB819 /* PBXContainerItemProxy */;
		};
		4B69528F23CDF0ED00EAB819 /* PBXTargetDependency */ = {
			isa = PBXTargetDependency;
			target = 4B69528B23CDF0ED00EAB819 /* SmartAC WatchKit Extension */;
			targetProxy = 4B69528E23CDF0ED00EAB819 /* PBXContainerItemProxy */;
		};
/* End PBXTargetDependency section */

/* Begin PBXVariantGroup section */
		4B69528223CDF0EB00EAB819 /* Interface.storyboard */ = {
			isa = PBXVariantGroup;
			children = (
				4B69528323CDF0EB00EAB819 /* Base */,
			);
			name = Interface.storyboard;
			sourceTree = "<group>";
		};
/* End PBXVariantGroup section */

/* Begin XCBuildConfiguration section */
		4B69529B23CDF0EF00EAB819 /* Debug */ = {
			isa = XCBuildConfiguration;
			buildSettings = {
				ALWAYS_SEARCH_USER_PATHS = NO;
				CLANG_ANALYZER_NONNULL = YES;
				CLANG_ANALYZER_NUMBER_OBJECT_CONVERSION = YES_AGGRESSIVE;
				CLANG_CXX_LANGUAGE_STANDARD = "gnu++14";
				CLANG_CXX_LIBRARY = "libc++";
				CLANG_ENABLE_MODULES = YES;
				CLANG_ENABLE_OBJC_ARC = YES;
				CLANG_ENABLE_OBJC_WEAK = YES;
				CLANG_WARN_BLOCK_CAPTURE_AUTORELEASING = YES;
				CLANG_WARN_BOOL_CONVERSION = YES;
				CLANG_WARN_COMMA = YES;
				CLANG_WARN_CONSTANT_CONVERSION = YES;
				CLANG_WARN_DEPRECATED_OBJC_IMPLEMENTATIONS = YES;
				CLANG_WARN_DIRECT_OBJC_ISA_USAGE = YES_ERROR;
				CLANG_WARN_DOCUMENTATION_COMMENTS = YES;
				CLANG_WARN_EMPTY_BODY = YES;
				CLANG_WARN_ENUM_CONVERSION = YES;
				CLANG_WARN_INFINITE_RECURSION = YES;
				CLANG_WARN_INT_CONVERSION = YES;
				CLANG_WARN_NON_LITERAL_NULL_CONVERSION = YES;
				CLANG_WARN_OBJC_IMPLICIT_RETAIN_SELF = YES;
				CLANG_WARN_OBJC_LITERAL_CONVERSION = YES;
				CLANG_WARN_OBJC_ROOT_CLASS = YES_ERROR;
				CLANG_WARN_RANGE_LOOP_ANALYSIS = YES;
				CLANG_WARN_STRICT_PROTOTYPES = YES;
				CLANG_WARN_SUSPICIOUS_MOVE = YES;
				CLANG_WARN_UNGUARDED_AVAILABILITY = YES_AGGRESSIVE;
				CLANG_WARN_UNREACHABLE_CODE = YES;
				CLANG_WARN__DUPLICATE_METHOD_MATCH = YES;
				COPY_PHASE_STRIP = NO;
				DEBUG_INFORMATION_FORMAT = dwarf;
				ENABLE_STRICT_OBJC_MSGSEND = YES;
				ENABLE_TESTABILITY = YES;
				GCC_C_LANGUAGE_STANDARD = gnu11;
				GCC_DYNAMIC_NO_PIC = NO;
				GCC_NO_COMMON_BLOCKS = YES;
				GCC_OPTIMIZATION_LEVEL = 0;
				GCC_PREPROCESSOR_DEFINITIONS = (
					"DEBUG=1",
					"$(inherited)",
				);
				GCC_WARN_64_TO_32_BIT_CONVERSION = YES;
				GCC_WARN_ABOUT_RETURN_TYPE = YES_ERROR;
				GCC_WARN_UNDECLARED_SELECTOR = YES;
				GCC_WARN_UNINITIALIZED_AUTOS = YES_AGGRESSIVE;
				GCC_WARN_UNUSED_FUNCTION = YES;
				GCC_WARN_UNUSED_VARIABLE = YES;
				MTL_ENABLE_DEBUG_INFO = INCLUDE_SOURCE;
				MTL_FAST_MATH = YES;
				ONLY_ACTIVE_ARCH = YES;
				SDKROOT = iphoneos;
				SWIFT_ACTIVE_COMPILATION_CONDITIONS = DEBUG;
				SWIFT_OPTIMIZATION_LEVEL = "-Onone";
			};
			name = Debug;
		};
		4B69529C23CDF0EF00EAB819 /* Release */ = {
			isa = XCBuildConfiguration;
			buildSettings = {
				ALWAYS_SEARCH_USER_PATHS = NO;
				CLANG_ANALYZER_NONNULL = YES;
				CLANG_ANALYZER_NUMBER_OBJECT_CONVERSION = YES_AGGRESSIVE;
				CLANG_CXX_LANGUAGE_STANDARD = "gnu++14";
				CLANG_CXX_LIBRARY = "libc++";
				CLANG_ENABLE_MODULES = YES;
				CLANG_ENABLE_OBJC_ARC = YES;
				CLANG_ENABLE_OBJC_WEAK = YES;
				CLANG_WARN_BLOCK_CAPTURE_AUTORELEASING = YES;
				CLANG_WARN_BOOL_CONVERSION = YES;
				CLANG_WARN_COMMA = YES;
				CLANG_WARN_CONSTANT_CONVERSION = YES;
				CLANG_WARN_DEPRECATED_OBJC_IMPLEMENTATIONS = YES;
				CLANG_WARN_DIRECT_OBJC_ISA_USAGE = YES_ERROR;
				CLANG_WARN_DOCUMENTATION_COMMENTS = YES;
				CLANG_WARN_EMPTY_BODY = YES;
				CLANG_WARN_ENUM_CONVERSION = YES;
				CLANG_WARN_INFINITE_RECURSION = YES;
				CLANG_WARN_INT_CONVERSION = YES;
				CLANG_WARN_NON_LITERAL_NULL_CONVERSION = YES;
				CLANG_WARN_OBJC_IMPLICIT_RETAIN_SELF = YES;
				CLANG_WARN_OBJC_LITERAL_CONVERSION = YES;
				CLANG_WARN_OBJC_ROOT_CLASS = YES_ERROR;
				CLANG_WARN_RANGE_LOOP_ANALYSIS = YES;
				CLANG_WARN_STRICT_PROTOTYPES = YES;
				CLANG_WARN_SUSPICIOUS_MOVE = YES;
				CLANG_WARN_UNGUARDED_AVAILABILITY = YES_AGGRESSIVE;
				CLANG_WARN_UNREACHABLE_CODE = YES;
				CLANG_WARN__DUPLICATE_METHOD_MATCH = YES;
				COPY_PHASE_STRIP = NO;
				DEBUG_INFORMATION_FORMAT = "dwarf-with-dsym";
				ENABLE_NS_ASSERTIONS = NO;
				ENABLE_STRICT_OBJC_MSGSEND = YES;
				GCC_C_LANGUAGE_STANDARD = gnu11;
				GCC_NO_COMMON_BLOCKS = YES;
				GCC_WARN_64_TO_32_BIT_CONVERSION = YES;
				GCC_WARN_ABOUT_RETURN_TYPE = YES_ERROR;
				GCC_WARN_UNDECLARED_SELECTOR = YES;
				GCC_WARN_UNINITIALIZED_AUTOS = YES_AGGRESSIVE;
				GCC_WARN_UNUSED_FUNCTION = YES;
				GCC_WARN_UNUSED_VARIABLE = YES;
				MTL_ENABLE_DEBUG_INFO = NO;
				MTL_FAST_MATH = YES;
				SDKROOT = iphoneos;
				SWIFT_COMPILATION_MODE = wholemodule;
				SWIFT_OPTIMIZATION_LEVEL = "-O";
				VALIDATE_PRODUCT = YES;
			};
			name = Release;
		};
		4B69529E23CDF0EF00EAB819 /* Debug */ = {
			isa = XCBuildConfiguration;
			buildSettings = {
				ASSETCATALOG_COMPILER_COMPLICATION_NAME = Complication;
				CODE_SIGN_STYLE = Automatic;
				CURRENT_PROJECT_VERSION = 2;
				DEVELOPMENT_TEAM = 27NF894P9T;
				INFOPLIST_FILE = "SmartAC WatchKit Extension/Info.plist";
				LD_RUNPATH_SEARCH_PATHS = (
					"$(inherited)",
					"@executable_path/Frameworks",
					"@executable_path/../../Frameworks",
				);
				MARKETING_VERSION = 1.1;
				PRODUCT_BUNDLE_IDENTIFIER = "com.Eliran-Sharabi.SmartAC.watchkitapp.watchkitextension";
				PRODUCT_NAME = "${TARGET_NAME}";
				SDKROOT = watchos;
				SKIP_INSTALL = YES;
				SWIFT_VERSION = 5.0;
				TARGETED_DEVICE_FAMILY = 4;
				WATCHOS_DEPLOYMENT_TARGET = 6.1;
			};
			name = Debug;
		};
		4B69529F23CDF0EF00EAB819 /* Release */ = {
			isa = XCBuildConfiguration;
			buildSettings = {
				ASSETCATALOG_COMPILER_COMPLICATION_NAME = Complication;
				CODE_SIGN_STYLE = Automatic;
				CURRENT_PROJECT_VERSION = 2;
				DEVELOPMENT_TEAM = 27NF894P9T;
				INFOPLIST_FILE = "SmartAC WatchKit Extension/Info.plist";
				LD_RUNPATH_SEARCH_PATHS = (
					"$(inherited)",
					"@executable_path/Frameworks",
					"@executable_path/../../Frameworks",
				);
				MARKETING_VERSION = 1.1;
				PRODUCT_BUNDLE_IDENTIFIER = "com.Eliran-Sharabi.SmartAC.watchkitapp.watchkitextension";
				PRODUCT_NAME = "${TARGET_NAME}";
				SDKROOT = watchos;
				SKIP_INSTALL = YES;
				SWIFT_VERSION = 5.0;
				TARGETED_DEVICE_FAMILY = 4;
				WATCHOS_DEPLOYMENT_TARGET = 6.1;
			};
			name = Release;
		};
		4B6952A223CDF0EF00EAB819 /* Debug */ = {
			isa = XCBuildConfiguration;
			buildSettings = {
				ALWAYS_EMBED_SWIFT_STANDARD_LIBRARIES = YES;
				ASSETCATALOG_COMPILER_APPICON_NAME = AppIcon;
				CODE_SIGN_STYLE = Automatic;
				CURRENT_PROJECT_VERSION = 2;
				DEVELOPMENT_TEAM = 27NF894P9T;
				IBSC_MODULE = SmartAC_WatchKit_Extension;
				INFOPLIST_FILE = "SmartAC WatchKit App/Info.plist";
				MARKETING_VERSION = 1.1;
				PRODUCT_BUNDLE_IDENTIFIER = "com.Eliran-Sharabi.SmartAC.watchkitapp";
				PRODUCT_NAME = "$(TARGET_NAME)";
				SDKROOT = watchos;
				SKIP_INSTALL = YES;
				SWIFT_VERSION = 5.0;
				TARGETED_DEVICE_FAMILY = 4;
				WATCHOS_DEPLOYMENT_TARGET = 6.1;
			};
			name = Debug;
		};
		4B6952A323CDF0EF00EAB819 /* Release */ = {
			isa = XCBuildConfiguration;
			buildSettings = {
				ALWAYS_EMBED_SWIFT_STANDARD_LIBRARIES = YES;
				ASSETCATALOG_COMPILER_APPICON_NAME = AppIcon;
				CODE_SIGN_STYLE = Automatic;
				CURRENT_PROJECT_VERSION = 2;
				DEVELOPMENT_TEAM = 27NF894P9T;
				IBSC_MODULE = SmartAC_WatchKit_Extension;
				INFOPLIST_FILE = "SmartAC WatchKit App/Info.plist";
				MARKETING_VERSION = 1.1;
				PRODUCT_BUNDLE_IDENTIFIER = "com.Eliran-Sharabi.SmartAC.watchkitapp";
				PRODUCT_NAME = "$(TARGET_NAME)";
				SDKROOT = watchos;
				SKIP_INSTALL = YES;
				SWIFT_VERSION = 5.0;
				TARGETED_DEVICE_FAMILY = 4;
				WATCHOS_DEPLOYMENT_TARGET = 6.1;
			};
			name = Release;
		};
		4B6952A623CDF0EF00EAB819 /* Debug */ = {
			isa = XCBuildConfiguration;
			buildSettings = {
				CODE_SIGN_STYLE = Automatic;
				CURRENT_PROJECT_VERSION = 3;
				DEVELOPMENT_TEAM = 27NF894P9T;
				MARKETING_VERSION = 1.2;
				PRODUCT_BUNDLE_IDENTIFIER = "com.Eliran-Sharabi.SmartAC";
				PRODUCT_NAME = "$(TARGET_NAME)";
				SWIFT_VERSION = 5.0;
			};
			name = Debug;
		};
		4B6952A723CDF0EF00EAB819 /* Release */ = {
			isa = XCBuildConfiguration;
			buildSettings = {
				CODE_SIGN_STYLE = Automatic;
				CURRENT_PROJECT_VERSION = 3;
				DEVELOPMENT_TEAM = 27NF894P9T;
				MARKETING_VERSION = 1.2;
				PRODUCT_BUNDLE_IDENTIFIER = "com.Eliran-Sharabi.SmartAC";
				PRODUCT_NAME = "$(TARGET_NAME)";
				SWIFT_VERSION = 5.0;
			};
			name = Release;
		};
/* End XCBuildConfiguration section */

/* Begin XCConfigurationList section */
		4B69527623CDF0EA00EAB819 /* Build configuration list for PBXProject "SmartAC" */ = {
			isa = XCConfigurationList;
			buildConfigurations = (
				4B69529B23CDF0EF00EAB819 /* Debug */,
				4B69529C23CDF0EF00EAB819 /* Release */,
			);
			defaultConfigurationIsVisible = 0;
			defaultConfigurationName = Release;
		};
		4B69529D23CDF0EF00EAB819 /* Build configuration list for PBXNativeTarget "SmartAC WatchKit Extension" */ = {
			isa = XCConfigurationList;
			buildConfigurations = (
				4B69529E23CDF0EF00EAB819 /* Debug */,
				4B69529F23CDF0EF00EAB819 /* Release */,
			);
			defaultConfigurationIsVisible = 0;
			defaultConfigurationName = Release;
		};
		4B6952A123CDF0EF00EAB819 /* Build configuration list for PBXNativeTarget "SmartAC WatchKit App" */ = {
			isa = XCConfigurationList;
			buildConfigurations = (
				4B6952A223CDF0EF00EAB819 /* Debug */,
				4B6952A323CDF0EF00EAB819 /* Release */,
			);
			defaultConfigurationIsVisible = 0;
			defaultConfigurationName = Release;
		};
		4B6952A523CDF0EF00EAB819 /* Build configuration list for PBXNativeTarget "SmartAC" */ = {
			isa = XCConfigurationList;
			buildConfigurations = (
				4B6952A623CDF0EF00EAB819 /* Debug */,
				4B6952A723CDF0EF00EAB819 /* Release */,
			);
			defaultConfigurationIsVisible = 0;
			defaultConfigurationName = Release;
		};
/* End XCConfigurationList section */
	};
	rootObject = 4B69527323CDF0EA00EAB819 /* Project object */;
}
